
Microsoft Visual Studio Solution File, Format Version 12.00
Project("{FAE04EC0-301F-11D3-BF4B-00C04F79EFBC}") = "mini-hw-1", "mini-hw-1\mini-hw-1.csproj", "{BA88691F-1CB7-452E-93C0-A11534F629E5}"
EndProject
Project("{FAE04EC0-301F-11D3-BF4B-00C04F79EFBC}") = "Tests", "Tests\Tests.csproj", "{C17DFCD9-B07A-438B-8F87-E8EF0427FA31}"
EndProject
Global
	GlobalSection(SolutionConfigurationPlatforms) = preSolution
		Debug|Any CPU = Debug|Any CPU
		Release|Any CPU = Release|Any CPU
	EndGlobalSection
	GlobalSection(ProjectConfigurationPlatforms) = postSolution
		{BA88691F-1CB7-452E-93C0-A11534F629E5}.Debug|Any CPU.ActiveCfg = Debug|Any CPU
		{BA88691F-1CB7-452E-93C0-A11534F629E5}.Debug|Any CPU.Build.0 = Debug|Any CPU
		{BA88691F-1CB7-452E-93C0-A11534F629E5}.Release|Any CPU.ActiveCfg = Release|Any CPU
		{BA88691F-1CB7-452E-93C0-A11534F629E5}.Release|Any CPU.Build.0 = Release|Any CPU
		{C17DFCD9-B07A-438B-8F87-E8EF0427FA31}.Debug|Any CPU.ActiveCfg = Debug|Any CPU
		{C17DFCD9-B07A-438B-8F87-E8EF0427FA31}.Debug|Any CPU.Build.0 = Debug|Any CPU
		{C17DFCD9-B07A-438B-8F87-E8EF0427FA31}.Release|Any CPU.ActiveCfg = Release|Any CPU
		{C17DFCD9-B07A-438B-8F87-E8EF0427FA31}.Release|Any CPU.Build.0 = Release|Any CPU
	EndGlobalSection
EndGlobal
